{
  "name": "nodecpp",
  "version": "1.0.0",
  "lockfileVersion": 1,
  "requires": true,
  "dependencies": {
    "bufferhelper": {
      "version": "0.2.1",
      "resolved": "https://registry.npmjs.org/bufferhelper/-/bufferhelper-0.2.1.tgz",
      "integrity": "sha1-+nSjhXJKWOJC8ErWZGwjZvg7kT4="
    },
    "fkutil": {
      "version": "2.3.1",
      "resolved": "https://registry.npmjs.org/fkutil/-/fkutil-2.3.1.tgz",
      "integrity": "sha512-E3CKEE+xNEXImL3YSLZ78/USrARwTbcFmDXcwPhnQLcL8oM0kxBMsiOZo/+3EB8NFrlq64R8Pe3/VSFJTMfUKQ==",
      "requires": {
        "bufferhelper": "^0.2.1",
        "iconv-lite": "^0.6.2"
      }
    },
    "iconv-lite": {
      "version": "0.6.2",
      "resolved": "https://registry.npmjs.org/iconv-lite/-/iconv-lite-0.6.2.tgz",
      "integrity": "sha512-2y91h5OpQlolefMPmUlivelittSWy0rP+oYVpn6A7GwVHNE8AWzoYOBNmlwks3LobaJxgHCYZAnyNo2GgpNRNQ==",
      "requires": {
        "safer-buffer": ">= 2.1.2 < 3.0.0"
      }
    },
    "safer-buffer": {
      "version": "2.1.2",
      "resolved": "https://registry.npmjs.org/safer-buffer/-/safer-buffer-2.1.2.tgz",
      "integrity": "sha512-YZo3K82SD7Riyi0E1EQPojLz7kpepnSQI9IyPbHHg1XXXevb5dJI7tpyN2ADxGcQbHG7vcyRHk0cbwqcQriUtg=="
    }
  }
}
